
Microsoft Visual Studio Solution File, Format Version 12.00
# Visual Studio Version 17
VisualStudioVersion = 17.13.35806.99 d17.13
MinimumVisualStudioVersion = 10.0.40219.1
Project("{FAE04EC0-301F-11D3-BF4B-00C04F79EFBC}") = "Lab2_APPZ", "Lab2_APPZ\Lab2_APPZ.csproj", "{9657846C-0780-4009-8608-FB5F7BE61022}"
EndProject
Global
	GlobalSection(SolutionConfigurationPlatforms) = preSolution
		Debug|Any CPU = Debug|Any CPU
		Release|Any CPU = Release|Any CPU
	EndGlobalSection
	GlobalSection(ProjectConfigurationPlatforms) = postSolution
		{9657846C-0780-4009-8608-FB5F7BE61022}.Debug|Any CPU.ActiveCfg = Debug|Any CPU
		{9657846C-0780-4009-8608-FB5F7BE61022}.Debug|Any CPU.Build.0 = Debug|Any CPU
		{9657846C-0780-4009-8608-FB5F7BE61022}.Release|Any CPU.ActiveCfg = Release|Any CPU
		{9657846C-0780-4009-8608-FB5F7BE61022}.Release|Any CPU.Build.0 = Release|Any CPU
	EndGlobalSection
	GlobalSection(SolutionProperties) = preSolution
		HideSolutionNode = FALSE
	EndGlobalSection
	GlobalSection(ExtensibilityGlobals) = postSolution
		SolutionGuid = {51DA1648-C5AA-4E04-9E1C-F341FD88FEBE}
	EndGlobalSection
EndGlobal
